
Microsoft Visual Studio Solution File, Format Version 12.00
# Visual Studio Version 17
VisualStudioVersion = 17.1.32210.238
MinimumVisualStudioVersion = 10.0.40219.1
Project("{FAE04EC0-301F-11D3-BF4B-00C04F79EFBC}") = "PassOrganiser", "PassOrganiser.csproj", "{FBA4245A-6EFC-4A54-A54E-EA0D465D2437}"
EndProject
Global
	GlobalSection(SolutionConfigurationPlatforms) = preSolution
		Debug|Any CPU = Debug|Any CPU
		Release|Any CPU = Release|Any CPU
	EndGlobalSection
	GlobalSection(ProjectConfigurationPlatforms) = postSolution
		{FBA4245A-6EFC-4A54-A54E-EA0D465D2437}.Debug|Any CPU.ActiveCfg = Debug|Any CPU
		{FBA4245A-6EFC-4A54-A54E-EA0D465D2437}.Debug|Any CPU.Build.0 = Debug|Any CPU
		{FBA4245A-6EFC-4A54-A54E-EA0D465D2437}.Release|Any CPU.ActiveCfg = Release|Any CPU
		{FBA4245A-6EFC-4A54-A54E-EA0D465D2437}.Release|Any CPU.Build.0 = Release|Any CPU
	EndGlobalSection
	GlobalSection(SolutionProperties) = preSolution
		HideSolutionNode = FALSE
	EndGlobalSection
	GlobalSection(ExtensibilityGlobals) = postSolution
		SolutionGuid = {8ED31118-4B0D-446F-9655-B4D13CE31A58}
	EndGlobalSection
EndGlobal
